
Microsoft Visual Studio Solution File, Format Version 11.00
# Visual Studio 2010
Project("{FAE04EC0-301F-11D3-BF4B-00C04F79EFBC}") = "Shunt.Client", "Shunt.Client\Shunt.Client.csproj", "{4EA4359D-E162-4C20-9BF6-D39767D0586B}"
EndProject
Project("{FAE04EC0-301F-11D3-BF4B-00C04F79EFBC}") = "Shunt.Common", "Shunt.Common\Shunt.Common.csproj", "{ACE5B64B-2668-4E25-8363-E26BA8574277}"
EndProject
Project("{FAE04EC0-301F-11D3-BF4B-00C04F79EFBC}") = "Shunt.Controller.Elite", "Shunt.Controller.Elite\Shunt.Controller.Elite.csproj", "{B73F7746-5D90-4BE4-BCF2-330D4097B899}"
EndProject
Global
	GlobalSection(SubversionScc) = preSolution
		Svn-Managed = True
		Manager = AnkhSVN - Subversion Support for Visual Studio
	EndGlobalSection
	GlobalSection(SolutionConfigurationPlatforms) = preSolution
		Debug|Any CPU = Debug|Any CPU
		Debug|Mixed Platforms = Debug|Mixed Platforms
		Debug|x86 = Debug|x86
		Release|Any CPU = Release|Any CPU
		Release|Mixed Platforms = Release|Mixed Platforms
		Release|x86 = Release|x86
	EndGlobalSection
	GlobalSection(ProjectConfigurationPlatforms) = postSolution
		{4EA4359D-E162-4C20-9BF6-D39767D0586B}.Debug|Any CPU.ActiveCfg = Debug|x86
		{4EA4359D-E162-4C20-9BF6-D39767D0586B}.Debug|Mixed Platforms.ActiveCfg = Debug|x86
		{4EA4359D-E162-4C20-9BF6-D39767D0586B}.Debug|Mixed Platforms.Build.0 = Debug|x86
		{4EA4359D-E162-4C20-9BF6-D39767D0586B}.Debug|x86.ActiveCfg = Debug|x86
		{4EA4359D-E162-4C20-9BF6-D39767D0586B}.Debug|x86.Build.0 = Debug|x86
		{4EA4359D-E162-4C20-9BF6-D39767D0586B}.Release|Any CPU.ActiveCfg = Release|x86
		{4EA4359D-E162-4C20-9BF6-D39767D0586B}.Release|Mixed Platforms.ActiveCfg = Release|x86
		{4EA4359D-E162-4C20-9BF6-D39767D0586B}.Release|Mixed Platforms.Build.0 = Release|x86
		{4EA4359D-E162-4C20-9BF6-D39767D0586B}.Release|x86.ActiveCfg = Release|x86
		{4EA4359D-E162-4C20-9BF6-D39767D0586B}.Release|x86.Build.0 = Release|x86
		{ACE5B64B-2668-4E25-8363-E26BA8574277}.Debug|Any CPU.ActiveCfg = Debug|Any CPU
		{ACE5B64B-2668-4E25-8363-E26BA8574277}.Debug|Any CPU.Build.0 = Debug|Any CPU
		{ACE5B64B-2668-4E25-8363-E26BA8574277}.Debug|Mixed Platforms.ActiveCfg = Debug|Any CPU
		{ACE5B64B-2668-4E25-8363-E26BA8574277}.Debug|Mixed Platforms.Build.0 = Debug|Any CPU
		{ACE5B64B-2668-4E25-8363-E26BA8574277}.Debug|x86.ActiveCfg = Debug|Any CPU
		{ACE5B64B-2668-4E25-8363-E26BA8574277}.Release|Any CPU.ActiveCfg = Release|Any CPU
		{ACE5B64B-2668-4E25-8363-E26BA8574277}.Release|Any CPU.Build.0 = Release|Any CPU
		{ACE5B64B-2668-4E25-8363-E26BA8574277}.Release|Mixed Platforms.ActiveCfg = Release|Any CPU
		{ACE5B64B-2668-4E25-8363-E26BA8574277}.Release|Mixed Platforms.Build.0 = Release|Any CPU
		{ACE5B64B-2668-4E25-8363-E26BA8574277}.Release|x86.ActiveCfg = Release|Any CPU
		{B73F7746-5D90-4BE4-BCF2-330D4097B899}.Debug|Any CPU.ActiveCfg = Debug|Any CPU
		{B73F7746-5D90-4BE4-BCF2-330D4097B899}.Debug|Any CPU.Build.0 = Debug|Any CPU
		{B73F7746-5D90-4BE4-BCF2-330D4097B899}.Debug|Mixed Platforms.ActiveCfg = Debug|Any CPU
		{B73F7746-5D90-4BE4-BCF2-330D4097B899}.Debug|Mixed Platforms.Build.0 = Debug|Any CPU
		{B73F7746-5D90-4BE4-BCF2-330D4097B899}.Debug|x86.ActiveCfg = Debug|Any CPU
		{B73F7746-5D90-4BE4-BCF2-330D4097B899}.Release|Any CPU.ActiveCfg = Release|Any CPU
		{B73F7746-5D90-4BE4-BCF2-330D4097B899}.Release|Any CPU.Build.0 = Release|Any CPU
		{B73F7746-5D90-4BE4-BCF2-330D4097B899}.Release|Mixed Platforms.ActiveCfg = Release|Any CPU
		{B73F7746-5D90-4BE4-BCF2-330D4097B899}.Release|Mixed Platforms.Build.0 = Release|Any CPU
		{B73F7746-5D90-4BE4-BCF2-330D4097B899}.Release|x86.ActiveCfg = Release|Any CPU
	EndGlobalSection
	GlobalSection(SolutionProperties) = preSolution
		HideSolutionNode = FALSE
	EndGlobalSection
EndGlobal
